
Microsoft Visual Studio Solution File, Format Version 12.00
# Visual Studio Version 17
VisualStudioVersion = 17.0.32112.339
MinimumVisualStudioVersion = 10.0.40219.1
Project("{FAE04EC0-301F-11D3-BF4B-00C04F79EFBC}") = "Training.WebApi", "Training.WebApi\Training.WebApi.csproj", "{6F14BC71-5654-455C-B802-F81DFDDED0F3}"
EndProject
Project("{FAE04EC0-301F-11D3-BF4B-00C04F79EFBC}") = "Training.ConsumeAPI", "Training.ConsumeAPI\Training.ConsumeAPI.csproj", "{995E9C4A-0B14-4A9A-BEF7-1475D40FFCC2}"
EndProject
Global
	GlobalSection(SolutionConfigurationPlatforms) = preSolution
		Debug|Any CPU = Debug|Any CPU
		Release|Any CPU = Release|Any CPU
	EndGlobalSection
	GlobalSection(ProjectConfigurationPlatforms) = postSolution
		{6F14BC71-5654-455C-B802-F81DFDDED0F3}.Debug|Any CPU.ActiveCfg = Debug|Any CPU
		{6F14BC71-5654-455C-B802-F81DFDDED0F3}.Debug|Any CPU.Build.0 = Debug|Any CPU
		{6F14BC71-5654-455C-B802-F81DFDDED0F3}.Release|Any CPU.ActiveCfg = Release|Any CPU
		{6F14BC71-5654-455C-B802-F81DFDDED0F3}.Release|Any CPU.Build.0 = Release|Any CPU
		{995E9C4A-0B14-4A9A-BEF7-1475D40FFCC2}.Debug|Any CPU.ActiveCfg = Debug|Any CPU
		{995E9C4A-0B14-4A9A-BEF7-1475D40FFCC2}.Debug|Any CPU.Build.0 = Debug|Any CPU
		{995E9C4A-0B14-4A9A-BEF7-1475D40FFCC2}.Release|Any CPU.ActiveCfg = Release|Any CPU
		{995E9C4A-0B14-4A9A-BEF7-1475D40FFCC2}.Release|Any CPU.Build.0 = Release|Any CPU
	EndGlobalSection
	GlobalSection(SolutionProperties) = preSolution
		HideSolutionNode = FALSE
	EndGlobalSection
	GlobalSection(ExtensibilityGlobals) = postSolution
		SolutionGuid = {DB438111-444A-4E5D-997E-4F9515F8B128}
	EndGlobalSection
EndGlobal
